
Microsoft Visual Studio Solution File, Format Version 12.00
# Visual Studio 15
VisualStudioVersion = 15.0.27130.2027
MinimumVisualStudioVersion = 10.0.40219.1
Project("{FAE04EC0-301F-11D3-BF4B-00C04F79EFBC}") = "X3_Opertunity_Recorder", "X3_Opertunity_Recorder\X3_Opertunity_Recorder.csproj", "{1762BC64-4525-452B-BDE3-A8D79C987260}"
EndProject
Global
	GlobalSection(SolutionConfigurationPlatforms) = preSolution
		Debug|Any CPU = Debug|Any CPU
		Release|Any CPU = Release|Any CPU
	EndGlobalSection
	GlobalSection(ProjectConfigurationPlatforms) = postSolution
		{1762BC64-4525-452B-BDE3-A8D79C987260}.Debug|Any CPU.ActiveCfg = Debug|Any CPU
		{1762BC64-4525-452B-BDE3-A8D79C987260}.Debug|Any CPU.Build.0 = Debug|Any CPU
		{1762BC64-4525-452B-BDE3-A8D79C987260}.Release|Any CPU.ActiveCfg = Release|Any CPU
		{1762BC64-4525-452B-BDE3-A8D79C987260}.Release|Any CPU.Build.0 = Release|Any CPU
	EndGlobalSection
	GlobalSection(SolutionProperties) = preSolution
		HideSolutionNode = FALSE
	EndGlobalSection
	GlobalSection(ExtensibilityGlobals) = postSolution
		SolutionGuid = {FC46C8C8-4D16-4D02-96B4-14807AFB29CE}
	EndGlobalSection
EndGlobal
